// !$*UTF8*$!
{
	archiveVersion = 1;
	classes = {
	};
	objectVersion = 46;
	objects = {

/* Begin PBXBuildFile section */
		F2C979F81A9C557D00F9C07E /* AppDelegate.swift in Sources */ = {isa = PBXBuildFile; fileRef = F2C979F71A9C557D00F9C07E /* AppDelegate.swift */; };
		F2C97A0E1A9C557D00F9C07E /* HHiTunesStorefrontFinderTests.swift in Sources */ = {isa = PBXBuildFile; fileRef = F2C97A0D1A9C557D00F9C07E /* HHiTunesStorefrontFinderTests.swift */; };
		F2C97A191A9C55C700F9C07E /* HHiTunesStorefrontFinder.swift in Sources */ = {isa = PBXBuildFile; fileRef = F2C97A181A9C55C700F9C07E /* HHiTunesStorefrontFinder.swift */; };
		F2C97A1A1A9C55C700F9C07E /* HHiTunesStorefrontFinder.swift in Sources */ = {isa = PBXBuildFile; fileRef = F2C97A181A9C55C700F9C07E /* HHiTunesStorefrontFinder.swift */; };
/* End PBXBuildFile section */

/* Begin PBXContainerItemProxy section */
		F2C97A081A9C557D00F9C07E /* PBXContainerItemProxy */ = {
			isa = PBXContainerItemProxy;
			containerPortal = F2C979EA1A9C557D00F9C07E /* Project object */;
			proxyType = 1;
			remoteGlobalIDString = F2C979F11A9C557D00F9C07E;
			remoteInfo = HHiTunesStorefrontFinder;
		};
/* End PBXContainerItemProxy section */

/* Begin PBXFileReference section */
		F2C979F21A9C557D00F9C07E /* HHiTunesStorefrontFinder.app */ = {isa = PBXFileReference; explicitFileType = wrapper.application; includeInIndex = 0; path = HHiTunesStorefrontFinder.app; sourceTree = BUILT_PRODUCTS_DIR; };
		F2C979F61A9C557D00F9C07E /* Info.plist */ = {isa = PBXFileReference; lastKnownFileType = text.plist.xml; path = Info.plist; sourceTree = "<group>"; };
		F2C979F71A9C557D00F9C07E /* AppDelegate.swift */ = {isa = PBXFileReference; lastKnownFileType = sourcecode.swift; path = AppDelegate.swift; sourceTree = "<group>"; };
		F2C97A071A9C557D00F9C07E /* HHiTunesStorefrontFinderTests.xctest */ = {isa = PBXFileReference; explicitFileType = wrapper.cfbundle; includeInIndex = 0; path = HHiTunesStorefrontFinderTests.xctest; sourceTree = BUILT_PRODUCTS_DIR; };
		F2C97A0C1A9C557D00F9C07E /* Info.plist */ = {isa = PBXFileReference; lastKnownFileType = text.plist.xml; path = Info.plist; sourceTree = "<group>"; };
		F2C97A0D1A9C557D00F9C07E /* HHiTunesStorefrontFinderTests.swift */ = {isa = PBXFileReference; lastKnownFileType = sourcecode.swift; path = HHiTunesStorefrontFinderTests.swift; sourceTree = "<group>"; };
		F2C97A181A9C55C700F9C07E /* HHiTunesStorefrontFinder.swift */ = {isa = PBXFileReference; fileEncoding = 4; lastKnownFileType = sourcecode.swift; path = HHiTunesStorefrontFinder.swift; sourceTree = "<group>"; };
/* End PBXFileReference section */

/* Begin PBXFrameworksBuildPhase section */
		F2C979EF1A9C557D00F9C07E /* Frameworks */ = {
			isa = PBXFrameworksBuildPhase;
			buildActionMask = 2147483647;
			files = (
			);
			runOnlyForDeploymentPostprocessing = 0;
		};
		F2C97A041A9C557D00F9C07E /* Frameworks */ = {
			isa = PBXFrameworksBuildPhase;
			buildActionMask = 2147483647;
			files = (
			);
			runOnlyForDeploymentPostprocessing = 0;
		};
/* End PBXFrameworksBuildPhase section */

/* Begin PBXGroup section */
		F2C979E91A9C557D00F9C07E = {
			isa = PBXGroup;
			children = (
				F2C979F41A9C557D00F9C07E /* HHiTunesStorefrontFinder */,
				F2C97A0A1A9C557D00F9C07E /* HHiTunesStorefrontFinderTests */,
				F2C979F31A9C557D00F9C07E /* Products */,
			);
			sourceTree = "<group>";
		};
		F2C979F31A9C557D00F9C07E /* Products */ = {
			isa = PBXGroup;
			children = (
				F2C979F21A9C557D00F9C07E /* HHiTunesStorefrontFinder.app */,
				F2C97A071A9C557D00F9C07E /* HHiTunesStorefrontFinderTests.xctest */,
			);
			name = Products;
			sourceTree = "<group>";
		};
		F2C979F41A9C557D00F9C07E /* HHiTunesStorefrontFinder */ = {
			isa = PBXGroup;
			children = (
				F2C97A171A9C55C700F9C07E /* HHiTunesStorefrontFinder */,
				F2C979F71A9C557D00F9C07E /* AppDelegate.swift */,
				F2C979F51A9C557D00F9C07E /* Supporting Files */,
			);
			path = HHiTunesStorefrontFinder;
			sourceTree = "<group>";
		};
		F2C979F51A9C557D00F9C07E /* Supporting Files */ = {
			isa = PBXGroup;
			children = (
				F2C979F61A9C557D00F9C07E /* Info.plist */,
			);
			name = "Supporting Files";
			sourceTree = "<group>";
		};
		F2C97A0A1A9C557D00F9C07E /* HHiTunesStorefrontFinderTests */ = {
			isa = PBXGroup;
			children = (
				F2C97A0D1A9C557D00F9C07E /* HHiTunesStorefrontFinderTests.swift */,
				F2C97A0B1A9C557D00F9C07E /* Supporting Files */,
			);
			path = HHiTunesStorefrontFinderTests;
			sourceTree = "<group>";
		};
		F2C97A0B1A9C557D00F9C07E /* Supporting Files */ = {
			isa = PBXGroup;
			children = (
				F2C97A0C1A9C557D00F9C07E /* Info.plist */,
			);
			name = "Supporting Files";
			sourceTree = "<group>";
		};
		F2C97A171A9C55C700F9C07E /* HHiTunesStorefrontFinder */ = {
			isa = PBXGroup;
			children = (
				F2C97A181A9C55C700F9C07E /* HHiTunesStorefrontFinder.swift */,
			);
			path = HHiTunesStorefrontFinder;
			sourceTree = "<group>";
		};
/* End PBXGroup section */

/* Begin PBXNativeTarget section */
		F2C979F11A9C557D00F9C07E /* HHiTunesStorefrontFinder */ = {
			isa = PBXNativeTarget;
			buildConfigurationList = F2C97A111A9C557D00F9C07E /* Build configuration list for PBXNativeTarget "HHiTunesStorefrontFinder" */;
			buildPhases = (
				F2C979EE1A9C557D00F9C07E /* Sources */,
				F2C979EF1A9C557D00F9C07E /* Frameworks */,
				F2C979F01A9C557D00F9C07E /* Resources */,
			);
			buildRules = (
			);
			dependencies = (
			);
			name = HHiTunesStorefrontFinder;
			productName = HHiTunesStorefrontFinder;
			productReference = F2C979F21A9C557D00F9C07E /* HHiTunesStorefrontFinder.app */;
			productType = "com.apple.product-type.application";
		};
		F2C97A061A9C557D00F9C07E /* HHiTunesStorefrontFinderTests */ = {
			isa = PBXNativeTarget;
			buildConfigurationList = F2C97A141A9C557D00F9C07E /* Build configuration list for PBXNativeTarget "HHiTunesStorefrontFinderTests" */;
			buildPhases = (
				F2C97A031A9C557D00F9C07E /* Sources */,
				F2C97A041A9C557D00F9C07E /* Frameworks */,
				F2C97A051A9C557D00F9C07E /* Resources */,
			);
			buildRules = (
			);
			dependencies = (
				F2C97A091A9C557D00F9C07E /* PBXTargetDependency */,
			);
			name = HHiTunesStorefrontFinderTests;
			productName = HHiTunesStorefrontFinderTests;
			productReference = F2C97A071A9C557D00F9C07E /* HHiTunesStorefrontFinderTests.xctest */;
			productType = "com.apple.product-type.bundle.unit-test";
		};
/* End PBXNativeTarget section */

/* Begin PBXProject section */
		F2C979EA1A9C557D00F9C07E /* Project object */ = {
			isa = PBXProject;
			attributes = {
				LastSwiftUpdateCheck = 0720;
				LastUpgradeCheck = 0720;
				ORGANIZATIONNAME = "Donald Angelillo";
				TargetAttributes = {
					F2C979F11A9C557D00F9C07E = {
						CreatedOnToolsVersion = 6.2;
					};
					F2C97A061A9C557D00F9C07E = {
						CreatedOnToolsVersion = 6.2;
						TestTargetID = F2C979F11A9C557D00F9C07E;
					};
				};
			};
			buildConfigurationList = F2C979ED1A9C557D00F9C07E /* Build configuration list for PBXProject "HHiTunesStorefrontFinder" */;
			compatibilityVersion = "Xcode 3.2";
			developmentRegion = English;
			hasScannedForEncodings = 0;
			knownRegions = (
				en,
				Base,
			);
			mainGroup = F2C979E91A9C557D00F9C07E;
			productRefGroup = F2C979F31A9C557D00F9C07E /* Products */;
			projectDirPath = "";
			projectRoot = "";
			targets = (
				F2C979F11A9C557D00F9C07E /* HHiTunesStorefrontFinder */,
				F2C97A061A9C557D00F9C07E /* HHiTunesStorefrontFinderTests */,
			);
		};
/* End PBXProject section */

/* Begin PBXResourcesBuildPhase section */
		F2C979F01A9C557D00F9C07E /* Resources */ = {
			isa = PBXResourcesBuildPhase;
			buildActionMask = 2147483647;
			files = (
			);
			runOnlyForDeploymentPostprocessing = 0;
		};
		F2C97A051A9C557D00F9C07E /* Resources */ = {
			isa = PBXResourcesBuildPhase;
			buildActionMask = 2147483647;
			files = (
			);
			runOnlyForDeploymentPostprocessing = 0;
		};
/* End PBXResourcesBuildPhase section */

/* Begin PBXSourcesBuildPhase section */
		F2C979EE1A9C557D00F9C07E /* Sources */ = {
			isa = PBXSourcesBuildPhase;
			buildActionMask = 2147483647;
			files = (
				F2C979F81A9C557D00F9C07E /* AppDelegate.swift in Sources */,
				F2C97A191A9C55C700F9C07E /* HHiTunesStorefrontFinder.swift in Sources */,
			);
			runOnlyForDeploymentPostprocessing = 0;
		};
		F2C97A031A9C557D00F9C07E /* Sources */ = {
			isa = PBXSourcesBuildPhase;
			buildActionMask = 2147483647;
			files = (
				F2C97A0E1A9C557D00F9C07E /* HHiTunesStorefrontFinderTests.swift in Sources */,
				F2C97A1A1A9C55C700F9C07E /* HHiTunesStorefrontFinder.swift in Sources */,
			);
			runOnlyForDeploymentPostprocessing = 0;
		};
/* End PBXSourcesBuildPhase section */

/* Begin PBXTargetDependency section */
		F2C97A091A9C557D00F9C07E /* PBXTargetDependency */ = {
			isa = PBXTargetDependency;
			target = F2C979F11A9C557D00F9C07E /* HHiTunesStorefrontFinder */;
			targetProxy = F2C97A081A9C557D00F9C07E /* PBXContainerItemProxy */;
		};
/* End PBXTargetDependency section */

/* Begin XCBuildConfiguration section */
		F2C97A0F1A9C557D00F9C07E /* Debug */ = {
			isa = XCBuildConfiguration;
			buildSettings = {
				ALWAYS_SEARCH_USER_PATHS = NO;
				CLANG_CXX_LANGUAGE_STANDARD = "gnu++0x";
				CLANG_CXX_LIBRARY = "libc++";
				CLANG_ENABLE_MODULES = YES;
				CLANG_ENABLE_OBJC_ARC = YES;
				CLANG_WARN_BOOL_CONVERSION = YES;
				CLANG_WARN_CONSTANT_CONVERSION = YES;
				CLANG_WARN_DIRECT_OBJC_ISA_USAGE = YES_ERROR;
				CLANG_WARN_EMPTY_BODY = YES;
				CLANG_WARN_ENUM_CONVERSION = YES;
				CLANG_WARN_INT_CONVERSION = YES;
				CLANG_WARN_OBJC_ROOT_CLASS = YES_ERROR;
				CLANG_WARN_UNREACHABLE_CODE = YES;
				CLANG_WARN__DUPLICATE_METHOD_MATCH = YES;
				"CODE_SIGN_IDENTITY[sdk=iphoneos*]" = "iPhone Developer";
				COPY_PHASE_STRIP = NO;
				ENABLE_STRICT_OBJC_MSGSEND = YES;
				ENABLE_TESTABILITY = YES;
				GCC_C_LANGUAGE_STANDARD = gnu99;
				GCC_DYNAMIC_NO_PIC = NO;
				GCC_OPTIMIZATION_LEVEL = 0;
				GCC_PREPROCESSOR_DEFINITIONS = (
					"DEBUG=1",
					"$(inherited)",
				);
				GCC_SYMBOLS_PRIVATE_EXTERN = NO;
				GCC_WARN_64_TO_32_BIT_CONVERSION = YES;
				GCC_WARN_ABOUT_RETURN_TYPE = YES_ERROR;
				GCC_WARN_UNDECLARED_SELECTOR = YES;
				GCC_WARN_UNINITIALIZED_AUTOS = YES_AGGRESSIVE;
				GCC_WARN_UNUSED_FUNCTION = YES;
				GCC_WARN_UNUSED_VARIABLE = YES;
				IPHONEOS_DEPLOYMENT_TARGET = 8.2;
				MTL_ENABLE_DEBUG_INFO = YES;
				ONLY_ACTIVE_ARCH = YES;
				SDKROOT = iphoneos;
				SWIFT_OPTIMIZATION_LEVEL = "-Onone";
				TARGETED_DEVICE_FAMILY = "1,2";
			};
			name = Debug;
		};
		F2C97A101A9C557D00F9C07E /* Release */ = {
			isa = XCBuildConfiguration;
			buildSettings = {
				ALWAYS_SEARCH_USER_PATHS = NO;
				CLANG_CXX_LANGUAGE_STANDARD = "gnu++0x";
				CLANG_CXX_LIBRARY = "libc++";
				CLANG_ENABLE_MODULES = YES;
				CLANG_ENABLE_OBJC_ARC = YES;
				CLANG_WARN_BOOL_CONVERSION = YES;
				CLANG_WARN_CONSTANT_CONVERSION = YES;
				CLANG_WARN_DIRECT_OBJC_ISA_USAGE = YES_ERROR;
				CLANG_WARN_EMPTY_BODY = YES;
				CLANG_WARN_ENUM_CONVERSION = YES;
				CLANG_WARN_INT_CONVERSION = YES;
				CLANG_WARN_OBJC_ROOT_CLASS = YES_ERROR;
				CLANG_WARN_UNREACHABLE_CODE = YES;
				CLANG_WARN__DUPLICATE_METHOD_MATCH = YES;
				"CODE_SIGN_IDENTITY[sdk=iphoneos*]" = "iPhone Developer";
				COPY_PHASE_STRIP = NO;
				ENABLE_NS_ASSERTIONS = NO;
				ENABLE_STRICT_OBJC_MSGSEND = YES;
				GCC_C_LANGUAGE_STANDARD = gnu99;
				GCC_WARN_64_TO_32_BIT_CONVERSION = YES;
				GCC_WARN_ABOUT_RETURN_TYPE = YES_ERROR;
				GCC_WARN_UNDECLARED_SELECTOR = YES;
				GCC_WARN_UNINITIALIZED_AUTOS = YES_AGGRESSIVE;
				GCC_WARN_UNUSED_FUNCTION = YES;
				GCC_WARN_UNUSED_VARIABLE = YES;
				IPHONEOS_DEPLOYMENT_TARGET = 8.2;
				MTL_ENABLE_DEBUG_INFO = NO;
				SDKROOT = iphoneos;
				TARGETED_DEVICE_FAMILY = "1,2";
				VALIDATE_PRODUCT = YES;
			};
			name = Release;
		};
		F2C97A121A9C557D00F9C07E /* Debug */ = {
			isa = XCBuildConfiguration;
			buildSettings = {
				ASSETCATALOG_COMPILER_APPICON_NAME = AppIcon;
				INFOPLIST_FILE = HHiTunesStorefrontFinder/Info.plist;
				LD_RUNPATH_SEARCH_PATHS = "$(inherited) @executable_path/Frameworks";
				PRODUCT_BUNDLE_IDENTIFIER = "com.donangelillo.$(PRODUCT_NAME:rfc1034identifier)";
				PRODUCT_NAME = "$(TARGET_NAME)";
			};
			name = Debug;
		};
		F2C97A131A9C557D00F9C07E /* Release */ = {
			isa = XCBuildConfiguration;
			buildSettings = {
				ASSETCATALOG_COMPILER_APPICON_NAME = AppIcon;
				INFOPLIST_FILE = HHiTunesStorefrontFinder/Info.plist;
				LD_RUNPATH_SEARCH_PATHS = "$(inherited) @executable_path/Frameworks";
				PRODUCT_BUNDLE_IDENTIFIER = "com.donangelillo.$(PRODUCT_NAME:rfc1034identifier)";
				PRODUCT_NAME = "$(TARGET_NAME)";
			};
			name = Release;
		};
		F2C97A151A9C557D00F9C07E /* Debug */ = {
			isa = XCBuildConfiguration;
			buildSettings = {
				BUNDLE_LOADER = "$(TEST_HOST)";
				FRAMEWORK_SEARCH_PATHS = (
					"$(SDKROOT)/Developer/Library/Frameworks",
					"$(inherited)",
				);
				GCC_PREPROCESSOR_DEFINITIONS = (
					"DEBUG=1",
					"$(inherited)",
				);
				INFOPLIST_FILE = HHiTunesStorefrontFinderTests/Info.plist;
				LD_RUNPATH_SEARCH_PATHS = "$(inherited) @executable_path/Frameworks @loader_path/Frameworks";
				PRODUCT_BUNDLE_IDENTIFIER = "com.donangelillo.$(PRODUCT_NAME:rfc1034identifier)";
				PRODUCT_NAME = "$(TARGET_NAME)";
				TEST_HOST = "$(BUILT_PRODUCTS_DIR)/HHiTunesStorefrontFinder.app/HHiTunesStorefrontFinder";
			};
			name = Debug;
		};
		F2C97A161A9C557D00F9C07E /* Release */ = {
			isa = XCBuildConfiguration;
			buildSettings = {
				BUNDLE_LOADER = "$(TEST_HOST)";
				FRAMEWORK_SEARCH_PATHS = (
					"$(SDKROOT)/Developer/Library/Frameworks",
					"$(inherited)",
				);
				INFOPLIST_FILE = HHiTunesStorefrontFinderTests/Info.plist;
				LD_RUNPATH_SEARCH_PATHS = "$(inherited) @executable_path/Frameworks @loader_path/Frameworks";
				PRODUCT_BUNDLE_IDENTIFIER = "com.donangelillo.$(PRODUCT_NAME:rfc1034identifier)";
				PRODUCT_NAME = "$(TARGET_NAME)";
				TEST_HOST = "$(BUILT_PRODUCTS_DIR)/HHiTunesStorefrontFinder.app/HHiTunesStorefrontFinder";
			};
			name = Release;
		};
/* End XCBuildConfiguration section */

/* Begin XCConfigurationList section */
		F2C979ED1A9C557D00F9C07E /* Build configuration list for PBXProject "HHiTunesStorefrontFinder" */ = {
			isa = XCConfigurationList;
			buildConfigurations = (
				F2C97A0F1A9C557D00F9C07E /* Debug */,
				F2C97A101A9C557D00F9C07E /* Release */,
			);
			defaultConfigurationIsVisible = 0;
			defaultConfigurationName = Release;
		};
		F2C97A111A9C557D00F9C07E /* Build configuration list for PBXNativeTarget "HHiTunesStorefrontFinder" */ = {
			isa = XCConfigurationList;
			buildConfigurations = (
				F2C97A121A9C557D00F9C07E /* Debug */,
				F2C97A131A9C557D00F9C07E /* Release */,
			);
			defaultConfigurationIsVisible = 0;
			defaultConfigurationName = Release;
		};
		F2C97A141A9C557D00F9C07E /* Build configuration list for PBXNativeTarget "HHiTunesStorefrontFinderTests" */ = {
			isa = XCConfigurationList;
			buildConfigurations = (
				F2C97A151A9C557D00F9C07E /* Debug */,
				F2C97A161A9C557D00F9C07E /* Release */,
			);
			defaultConfigurationIsVisible = 0;
			defaultConfigurationName = Release;
		};
/* End XCConfigurationList section */
	};
	rootObject = F2C979EA1A9C557D00F9C07E /* Project object */;
}
